
Microsoft Visual Studio Solution File, Format Version 12.00
# Visual Studio Version 17
VisualStudioVersion = 17.0.31903.59
MinimumVisualStudioVersion = 10.0.40219.1
Project("{FAE04EC0-301F-11D3-BF4B-00C04F79EFBC}") = "ConsoleViv", "ConsoleViv\ConsoleViv.csproj", "{2EBDC1D5-D886-4464-BC62-ADD0AE45B639}"
EndProject
Project("{FAE04EC0-301F-11D3-BF4B-00C04F79EFBC}") = "StringLib", "StringLib\StringLib.csproj", "{909A620E-335D-425F-8192-78262500E734}"
EndProject
Project("{FAE04EC0-301F-11D3-BF4B-00C04F79EFBC}") = "StringLibTest", "StringLibTest\StringLibTest.csproj", "{5710943E-774B-4A7E-84D2-786BD25D82B4}"
EndProject
Project("{FAE04EC0-301F-11D3-BF4B-00C04F79EFBC}") = "AdoNetEx", "AdoNetEx\AdoNetEx.csproj", "{69F85648-A57F-4911-B16F-0CC3271F01BA}"
EndProject
Project("{FAE04EC0-301F-11D3-BF4B-00C04F79EFBC}") = "Jagged3d", "Jagged3d\Jagged3d.csproj", "{0A8A6D72-D705-4209-BFEB-2497764B6784}"
EndProject
Project("{FAE04EC0-301F-11D3-BF4B-00C04F79EFBC}") = "ShiftCalc", "ShiftCalc\ShiftCalc.csproj", "{1EF61907-D692-45FA-81E0-FF90A403866F}"
EndProject
Project("{FAE04EC0-301F-11D3-BF4B-00C04F79EFBC}") = "FileWacherCamp", "FileWacherCamp\FileWacherCamp.csproj", "{6C9C2AB2-595F-494B-BC60-103C29E34B5A}"
EndProject
Project("{FAE04EC0-301F-11D3-BF4B-00C04F79EFBC}") = "DemoByteArray", "ByteArrayToFile\DemoByteArray.csproj", "{FF8F5317-A537-4AE4-BA48-BF6694BCD299}"
EndProject
Global
	GlobalSection(SolutionConfigurationPlatforms) = preSolution
		Debug|Any CPU = Debug|Any CPU
		Release|Any CPU = Release|Any CPU
	EndGlobalSection
	GlobalSection(ProjectConfigurationPlatforms) = postSolution
		{2EBDC1D5-D886-4464-BC62-ADD0AE45B639}.Debug|Any CPU.ActiveCfg = Debug|Any CPU
		{2EBDC1D5-D886-4464-BC62-ADD0AE45B639}.Debug|Any CPU.Build.0 = Debug|Any CPU
		{2EBDC1D5-D886-4464-BC62-ADD0AE45B639}.Release|Any CPU.ActiveCfg = Release|Any CPU
		{2EBDC1D5-D886-4464-BC62-ADD0AE45B639}.Release|Any CPU.Build.0 = Release|Any CPU
		{909A620E-335D-425F-8192-78262500E734}.Debug|Any CPU.ActiveCfg = Debug|Any CPU
		{909A620E-335D-425F-8192-78262500E734}.Debug|Any CPU.Build.0 = Debug|Any CPU
		{909A620E-335D-425F-8192-78262500E734}.Release|Any CPU.ActiveCfg = Release|Any CPU
		{909A620E-335D-425F-8192-78262500E734}.Release|Any CPU.Build.0 = Release|Any CPU
		{5710943E-774B-4A7E-84D2-786BD25D82B4}.Debug|Any CPU.ActiveCfg = Debug|Any CPU
		{5710943E-774B-4A7E-84D2-786BD25D82B4}.Debug|Any CPU.Build.0 = Debug|Any CPU
		{5710943E-774B-4A7E-84D2-786BD25D82B4}.Release|Any CPU.ActiveCfg = Release|Any CPU
		{5710943E-774B-4A7E-84D2-786BD25D82B4}.Release|Any CPU.Build.0 = Release|Any CPU
		{69F85648-A57F-4911-B16F-0CC3271F01BA}.Debug|Any CPU.ActiveCfg = Debug|Any CPU
		{69F85648-A57F-4911-B16F-0CC3271F01BA}.Debug|Any CPU.Build.0 = Debug|Any CPU
		{69F85648-A57F-4911-B16F-0CC3271F01BA}.Release|Any CPU.ActiveCfg = Release|Any CPU
		{69F85648-A57F-4911-B16F-0CC3271F01BA}.Release|Any CPU.Build.0 = Release|Any CPU
		{0A8A6D72-D705-4209-BFEB-2497764B6784}.Debug|Any CPU.ActiveCfg = Debug|Any CPU
		{0A8A6D72-D705-4209-BFEB-2497764B6784}.Debug|Any CPU.Build.0 = Debug|Any CPU
		{0A8A6D72-D705-4209-BFEB-2497764B6784}.Release|Any CPU.ActiveCfg = Release|Any CPU
		{0A8A6D72-D705-4209-BFEB-2497764B6784}.Release|Any CPU.Build.0 = Release|Any CPU
		{1EF61907-D692-45FA-81E0-FF90A403866F}.Debug|Any CPU.ActiveCfg = Debug|Any CPU
		{1EF61907-D692-45FA-81E0-FF90A403866F}.Debug|Any CPU.Build.0 = Debug|Any CPU
		{1EF61907-D692-45FA-81E0-FF90A403866F}.Release|Any CPU.ActiveCfg = Release|Any CPU
		{1EF61907-D692-45FA-81E0-FF90A403866F}.Release|Any CPU.Build.0 = Release|Any CPU
		{6C9C2AB2-595F-494B-BC60-103C29E34B5A}.Debug|Any CPU.ActiveCfg = Debug|Any CPU
		{6C9C2AB2-595F-494B-BC60-103C29E34B5A}.Debug|Any CPU.Build.0 = Debug|Any CPU
		{6C9C2AB2-595F-494B-BC60-103C29E34B5A}.Release|Any CPU.ActiveCfg = Release|Any CPU
		{6C9C2AB2-595F-494B-BC60-103C29E34B5A}.Release|Any CPU.Build.0 = Release|Any CPU
		{FF8F5317-A537-4AE4-BA48-BF6694BCD299}.Debug|Any CPU.ActiveCfg = Debug|Any CPU
		{FF8F5317-A537-4AE4-BA48-BF6694BCD299}.Debug|Any CPU.Build.0 = Debug|Any CPU
		{FF8F5317-A537-4AE4-BA48-BF6694BCD299}.Release|Any CPU.ActiveCfg = Release|Any CPU
		{FF8F5317-A537-4AE4-BA48-BF6694BCD299}.Release|Any CPU.Build.0 = Release|Any CPU
	EndGlobalSection
	GlobalSection(SolutionProperties) = preSolution
		HideSolutionNode = FALSE
	EndGlobalSection
EndGlobal
