
Microsoft Visual Studio Solution File, Format Version 12.00
# Visual Studio Version 17
VisualStudioVersion = 17.5.002.0
MinimumVisualStudioVersion = 10.0.40219.1
Project("{9A19103F-16F7-4668-BE54-9A1E7A4F7556}") = "BM", "BM.csproj", "{652030DD-BB2F-467A-A62B-D265DE0D9C7E}"
EndProject
Global
	GlobalSection(SolutionConfigurationPlatforms) = preSolution
		Debug|Any CPU = Debug|Any CPU
		Release|Any CPU = Release|Any CPU
	EndGlobalSection
	GlobalSection(ProjectConfigurationPlatforms) = postSolution
		{652030DD-BB2F-467A-A62B-D265DE0D9C7E}.Debug|Any CPU.ActiveCfg = Debug|Any CPU
		{652030DD-BB2F-467A-A62B-D265DE0D9C7E}.Debug|Any CPU.Build.0 = Debug|Any CPU
		{652030DD-BB2F-467A-A62B-D265DE0D9C7E}.Release|Any CPU.ActiveCfg = Release|Any CPU
		{652030DD-BB2F-467A-A62B-D265DE0D9C7E}.Release|Any CPU.Build.0 = Release|Any CPU
	EndGlobalSection
	GlobalSection(SolutionProperties) = preSolution
		HideSolutionNode = FALSE
	EndGlobalSection
	GlobalSection(ExtensibilityGlobals) = postSolution
		SolutionGuid = {1E56F3F6-4CFA-440B-B857-19E6AFC7F3F8}
	EndGlobalSection
EndGlobal
