
Microsoft Visual Studio Solution File, Format Version 12.00
# Visual Studio Version 17
VisualStudioVersion = 17.5.33516.290
MinimumVisualStudioVersion = 10.0.40219.1
Project("{FAE04EC0-301F-11D3-BF4B-00C04F79EFBC}") = "J_1", "J_1\J_1.csproj", "{869A1786-C4CB-41F1-B989-F35571E409FD}"
EndProject
Project("{9A19103F-16F7-4668-BE54-9A1E7A4F7556}") = "J", "J\J.csproj", "{130284FF-C190-4E34-8261-4A4F4D762161}"
EndProject
Project("{FAE04EC0-301F-11D3-BF4B-00C04F79EFBC}") = "J_Hooking", "J_Hooking\J_Hooking.csproj", "{21BFF10B-3FAA-4983-91C9-3703722D4FDE}"
EndProject
Project("{FAE04EC0-301F-11D3-BF4B-00C04F79EFBC}") = "J_ListViewEx", "J_ListViewEx\J_ListViewEx.csproj", "{43545B78-6EEB-47EF-AEB0-0FF566325FBF}"
EndProject
Global
	GlobalSection(SolutionConfigurationPlatforms) = preSolution
		Debug|Any CPU = Debug|Any CPU
		Release|Any CPU = Release|Any CPU
	EndGlobalSection
	GlobalSection(ProjectConfigurationPlatforms) = postSolution
		{869A1786-C4CB-41F1-B989-F35571E409FD}.Debug|Any CPU.ActiveCfg = Debug|Any CPU
		{869A1786-C4CB-41F1-B989-F35571E409FD}.Debug|Any CPU.Build.0 = Debug|Any CPU
		{869A1786-C4CB-41F1-B989-F35571E409FD}.Release|Any CPU.ActiveCfg = Release|Any CPU
		{869A1786-C4CB-41F1-B989-F35571E409FD}.Release|Any CPU.Build.0 = Release|Any CPU
		{130284FF-C190-4E34-8261-4A4F4D762161}.Debug|Any CPU.ActiveCfg = Debug|Any CPU
		{130284FF-C190-4E34-8261-4A4F4D762161}.Debug|Any CPU.Build.0 = Debug|Any CPU
		{130284FF-C190-4E34-8261-4A4F4D762161}.Release|Any CPU.ActiveCfg = Release|Any CPU
		{130284FF-C190-4E34-8261-4A4F4D762161}.Release|Any CPU.Build.0 = Release|Any CPU
		{21BFF10B-3FAA-4983-91C9-3703722D4FDE}.Debug|Any CPU.ActiveCfg = Debug|Any CPU
		{21BFF10B-3FAA-4983-91C9-3703722D4FDE}.Debug|Any CPU.Build.0 = Debug|Any CPU
		{21BFF10B-3FAA-4983-91C9-3703722D4FDE}.Release|Any CPU.ActiveCfg = Release|Any CPU
		{21BFF10B-3FAA-4983-91C9-3703722D4FDE}.Release|Any CPU.Build.0 = Release|Any CPU
		{43545B78-6EEB-47EF-AEB0-0FF566325FBF}.Debug|Any CPU.ActiveCfg = Debug|Any CPU
		{43545B78-6EEB-47EF-AEB0-0FF566325FBF}.Debug|Any CPU.Build.0 = Debug|Any CPU
		{43545B78-6EEB-47EF-AEB0-0FF566325FBF}.Release|Any CPU.ActiveCfg = Release|Any CPU
		{43545B78-6EEB-47EF-AEB0-0FF566325FBF}.Release|Any CPU.Build.0 = Release|Any CPU
	EndGlobalSection
	GlobalSection(SolutionProperties) = preSolution
		HideSolutionNode = FALSE
	EndGlobalSection
	GlobalSection(ExtensibilityGlobals) = postSolution
		SolutionGuid = {F25B6770-3A88-45BB-B7D0-C4EC69ABD520}
	EndGlobalSection
EndGlobal
