
Microsoft Visual Studio Solution File, Format Version 12.00
# Visual Studio Version 17
VisualStudioVersion = 17.5.002.0
MinimumVisualStudioVersion = 10.0.40219.1
Project("{9A19103F-16F7-4668-BE54-9A1E7A4F7556}") = "Recursion", "Recursion.csproj", "{6082E6D3-2934-42C1-82C5-D01C9EFF5265}"
EndProject
Global
	GlobalSection(SolutionConfigurationPlatforms) = preSolution
		Debug|Any CPU = Debug|Any CPU
		Release|Any CPU = Release|Any CPU
	EndGlobalSection
	GlobalSection(ProjectConfigurationPlatforms) = postSolution
		{6082E6D3-2934-42C1-82C5-D01C9EFF5265}.Debug|Any CPU.ActiveCfg = Debug|Any CPU
		{6082E6D3-2934-42C1-82C5-D01C9EFF5265}.Debug|Any CPU.Build.0 = Debug|Any CPU
		{6082E6D3-2934-42C1-82C5-D01C9EFF5265}.Release|Any CPU.ActiveCfg = Release|Any CPU
		{6082E6D3-2934-42C1-82C5-D01C9EFF5265}.Release|Any CPU.Build.0 = Release|Any CPU
	EndGlobalSection
	GlobalSection(SolutionProperties) = preSolution
		HideSolutionNode = FALSE
	EndGlobalSection
	GlobalSection(ExtensibilityGlobals) = postSolution
		SolutionGuid = {17BAB122-3B1C-4BDF-BB9D-8FF30DCD34DA}
	EndGlobalSection
EndGlobal
