
Microsoft Visual Studio Solution File, Format Version 12.00
# Visual Studio Version 17
VisualStudioVersion = 17.0.31903.59
MinimumVisualStudioVersion = 10.0.40219.1
Project("{FAE04EC0-301F-11D3-BF4B-00C04F79EFBC}") = "Demo-Console", "Demo-Console\Demo-Console.csproj", "{E0FF1C86-B4C6-4203-B9EE-E9D3F064F791}"
EndProject
Global
	GlobalSection(SolutionConfigurationPlatforms) = preSolution
		Debug|Any CPU = Debug|Any CPU
		Release|Any CPU = Release|Any CPU
	EndGlobalSection
	GlobalSection(SolutionProperties) = preSolution
		HideSolutionNode = FALSE
	EndGlobalSection
	GlobalSection(ProjectConfigurationPlatforms) = postSolution
		{E0FF1C86-B4C6-4203-B9EE-E9D3F064F791}.Debug|Any CPU.ActiveCfg = Debug|Any CPU
		{E0FF1C86-B4C6-4203-B9EE-E9D3F064F791}.Debug|Any CPU.Build.0 = Debug|Any CPU
		{E0FF1C86-B4C6-4203-B9EE-E9D3F064F791}.Release|Any CPU.ActiveCfg = Release|Any CPU
		{E0FF1C86-B4C6-4203-B9EE-E9D3F064F791}.Release|Any CPU.Build.0 = Release|Any CPU
	EndGlobalSection
EndGlobal
