
Microsoft Visual Studio Solution File, Format Version 12.00
# Visual Studio Version 17
VisualStudioVersion = 17.0.31903.59
MinimumVisualStudioVersion = 10.0.40219.1
Project("{FAE04EC0-301F-11D3-BF4B-00C04F79EFBC}") = "BootCamp", "BootCamp\BootCamp.csproj", "{9D8BD726-524C-4F4B-A003-1B8DAB7638BA}"
EndProject
Project("{FAE04EC0-301F-11D3-BF4B-00C04F79EFBC}") = "Demo-RegEx", "Demo-RegEx\Demo-RegEx.csproj", "{2693EB4A-B956-4E96-B0A6-6F34C123ADFD}"
EndProject
Project("{FAE04EC0-301F-11D3-BF4B-00C04F79EFBC}") = "Demo-ToBase64", "Demo-ToBase64\Demo-ToBase64.csproj", "{752E024C-25D2-484E-92FD-E38D9F9A5FF5}"
EndProject
Project("{FAE04EC0-301F-11D3-BF4B-00C04F79EFBC}") = "Demo-WebServer", "Demo-WebServer\Demo-WebServer.csproj", "{FAA414E9-B91E-4739-BC3F-7AFCFD20A1B8}"
EndProject
Project("{FAE04EC0-301F-11D3-BF4B-00C04F79EFBC}") = "Demo-MySql", "Demo-MySql\Demo-MySql.csproj", "{E09EB7A5-BE59-4703-AA4A-C91451B50F6D}"
EndProject
Project("{FAE04EC0-301F-11D3-BF4B-00C04F79EFBC}") = "Demo-InfixPostfix", "Demo-InfixPostfix\Demo-InfixPostfix.csproj", "{1943CB99-30DE-4F2E-9F87-2DCA3ECFE108}"
EndProject
Project("{FAE04EC0-301F-11D3-BF4B-00C04F79EFBC}") = "DemoB", "Demo-InfixPostfix-2\DemoB.csproj", "{DD542446-6890-4CCE-8E5B-AC2BAE7A2C6D}"
EndProject
Project("{FAE04EC0-301F-11D3-BF4B-00C04F79EFBC}") = "Demo-TypeConversion", "Demo-TypeConversion\Demo-TypeConversion.csproj", "{CED7B720-6F20-4AAA-9AFB-C9FFD86BDF1B}"
EndProject
Project("{FAE04EC0-301F-11D3-BF4B-00C04F79EFBC}") = "Demo-StudentTest", "Demo-StudentTest\Demo-StudentTest.csproj", "{B2D439AD-9C68-46E8-A3B2-8C44334754AB}"
EndProject
Project("{FAE04EC0-301F-11D3-BF4B-00C04F79EFBC}") = "Demo-Hash", "Demo-Hash\Demo-Hash.csproj", "{7E6A3FF8-D336-452E-8366-74433C1A2253}"
EndProject
Project("{FAE04EC0-301F-11D3-BF4B-00C04F79EFBC}") = "Demo-Stack", "Demo-Stack\Demo-Stack.csproj", "{E5911F87-F8D8-4382-85AC-4CE5EB35D6D1}"
EndProject
Project("{FAE04EC0-301F-11D3-BF4B-00C04F79EFBC}") = "Demo-SocketServer", "Demo-SocketServer\Demo-SocketServer.csproj", "{39BC23E5-A66D-4444-89B9-8B242BBEFF4E}"
EndProject
Project("{FAE04EC0-301F-11D3-BF4B-00C04F79EFBC}") = "Demo-StringToArry", "Demo-StringToArry\Demo-StringToArry.csproj", "{54F82247-0855-4205-AD68-350E38969EFF}"
EndProject
Project("{FAE04EC0-301F-11D3-BF4B-00C04F79EFBC}") = "StringLib", "StringLib\StringLib.csproj", "{ADC54C75-4DFF-47E6-BC6A-BC1C9CC73E14}"
EndProject
Project("{FAE04EC0-301F-11D3-BF4B-00C04F79EFBC}") = "Demo-ShowCase", "Demo-ShowCase\Demo-ShowCase.csproj", "{DAFA776A-FB16-481F-9A33-C4A5C0D415D3}"
EndProject
Project("{FAE04EC0-301F-11D3-BF4B-00C04F79EFBC}") = "Demo-Redis", "Demo-Redis\Demo-Redis.csproj", "{946FCCDE-DE45-4DB5-836A-35BCAC383877}"
EndProject
Project("{FAE04EC0-301F-11D3-BF4B-00C04F79EFBC}") = "Demo-ImportCppLib", "Demo-ImportCppLib\Demo-ImportCppLib.csproj", "{63071AE0-F57C-4919-B81A-6C5C0E73C3DF}"
EndProject
Project("{FAE04EC0-301F-11D3-BF4B-00C04F79EFBC}") = "Demo-JiSikin", "Demo-JiSikin\Demo-JiSikin.csproj", "{1A53666C-145E-42BD-BA37-4B24C460AC9F}"
EndProject
Project("{FAE04EC0-301F-11D3-BF4B-00C04F79EFBC}") = "Lib_TcpLisener", "Lib_TcpListener\Lib_TcpListener.csproj", "{2822C6EE-172D-4A31-8828-C25ED6D1B7B0}"
EndProject
Project("{FAE04EC0-301F-11D3-BF4B-00C04F79EFBC}") = "Demo-Expression", "Demo-Expression\Demo-Expression.csproj", "{0F128785-56C2-4D58-8F9D-2B22E0F99722}"
EndProject
Project("{FAE04EC0-301F-11D3-BF4B-00C04F79EFBC}") = "Demo-Container", "Demo-Container\Demo-Container.csproj", "{BA63CF31-909C-4FEA-9B02-C2B5C8F7ACBF}"
EndProject
Project("{FAE04EC0-301F-11D3-BF4B-00C04F79EFBC}") = "Demo-OpenXML", "Demo-OpenXML\Demo-OpenXML.csproj", "{25B34997-68B2-47E1-B315-1FDD790E6EE4}"
EndProject
Project("{FAE04EC0-301F-11D3-BF4B-00C04F79EFBC}") = "Demo-Alarm", "Demo-Alarm\Demo-Alarm.csproj", "{BF411FE7-1E2E-46A0-AC06-11ACD5A32E87}"
EndProject
Project("{FAE04EC0-301F-11D3-BF4B-00C04F79EFBC}") = "Demo-MergeTable", "Demo-MergeTable\Demo-MergeTable.csproj", "{62A03604-6E09-4B66-842E-541A3F6ADCB1}"
EndProject
Global
	GlobalSection(SolutionConfigurationPlatforms) = preSolution
		Debug|Any CPU = Debug|Any CPU
		Release|Any CPU = Release|Any CPU
	EndGlobalSection
	GlobalSection(SolutionProperties) = preSolution
		HideSolutionNode = FALSE
	EndGlobalSection
	GlobalSection(ProjectConfigurationPlatforms) = postSolution
		{2693EB4A-B956-4E96-B0A6-6F34C123ADFD}.Debug|Any CPU.ActiveCfg = Debug|Any CPU
		{2693EB4A-B956-4E96-B0A6-6F34C123ADFD}.Debug|Any CPU.Build.0 = Debug|Any CPU
		{2693EB4A-B956-4E96-B0A6-6F34C123ADFD}.Release|Any CPU.ActiveCfg = Release|Any CPU
		{2693EB4A-B956-4E96-B0A6-6F34C123ADFD}.Release|Any CPU.Build.0 = Release|Any CPU
		{752E024C-25D2-484E-92FD-E38D9F9A5FF5}.Debug|Any CPU.ActiveCfg = Debug|Any CPU
		{752E024C-25D2-484E-92FD-E38D9F9A5FF5}.Debug|Any CPU.Build.0 = Debug|Any CPU
		{752E024C-25D2-484E-92FD-E38D9F9A5FF5}.Release|Any CPU.ActiveCfg = Release|Any CPU
		{752E024C-25D2-484E-92FD-E38D9F9A5FF5}.Release|Any CPU.Build.0 = Release|Any CPU
		{FAA414E9-B91E-4739-BC3F-7AFCFD20A1B8}.Debug|Any CPU.ActiveCfg = Debug|Any CPU
		{FAA414E9-B91E-4739-BC3F-7AFCFD20A1B8}.Debug|Any CPU.Build.0 = Debug|Any CPU
		{FAA414E9-B91E-4739-BC3F-7AFCFD20A1B8}.Release|Any CPU.ActiveCfg = Release|Any CPU
		{FAA414E9-B91E-4739-BC3F-7AFCFD20A1B8}.Release|Any CPU.Build.0 = Release|Any CPU
		{E09EB7A5-BE59-4703-AA4A-C91451B50F6D}.Debug|Any CPU.ActiveCfg = Debug|Any CPU
		{E09EB7A5-BE59-4703-AA4A-C91451B50F6D}.Debug|Any CPU.Build.0 = Debug|Any CPU
		{E09EB7A5-BE59-4703-AA4A-C91451B50F6D}.Release|Any CPU.ActiveCfg = Release|Any CPU
		{E09EB7A5-BE59-4703-AA4A-C91451B50F6D}.Release|Any CPU.Build.0 = Release|Any CPU
		{1943CB99-30DE-4F2E-9F87-2DCA3ECFE108}.Debug|Any CPU.ActiveCfg = Debug|Any CPU
		{1943CB99-30DE-4F2E-9F87-2DCA3ECFE108}.Debug|Any CPU.Build.0 = Debug|Any CPU
		{1943CB99-30DE-4F2E-9F87-2DCA3ECFE108}.Release|Any CPU.ActiveCfg = Release|Any CPU
		{1943CB99-30DE-4F2E-9F87-2DCA3ECFE108}.Release|Any CPU.Build.0 = Release|Any CPU
		{DD542446-6890-4CCE-8E5B-AC2BAE7A2C6D}.Debug|Any CPU.ActiveCfg = Debug|Any CPU
		{DD542446-6890-4CCE-8E5B-AC2BAE7A2C6D}.Debug|Any CPU.Build.0 = Debug|Any CPU
		{DD542446-6890-4CCE-8E5B-AC2BAE7A2C6D}.Release|Any CPU.ActiveCfg = Release|Any CPU
		{DD542446-6890-4CCE-8E5B-AC2BAE7A2C6D}.Release|Any CPU.Build.0 = Release|Any CPU
		{CED7B720-6F20-4AAA-9AFB-C9FFD86BDF1B}.Debug|Any CPU.ActiveCfg = Debug|Any CPU
		{CED7B720-6F20-4AAA-9AFB-C9FFD86BDF1B}.Debug|Any CPU.Build.0 = Debug|Any CPU
		{CED7B720-6F20-4AAA-9AFB-C9FFD86BDF1B}.Release|Any CPU.ActiveCfg = Release|Any CPU
		{CED7B720-6F20-4AAA-9AFB-C9FFD86BDF1B}.Release|Any CPU.Build.0 = Release|Any CPU
		{B2D439AD-9C68-46E8-A3B2-8C44334754AB}.Debug|Any CPU.ActiveCfg = Debug|Any CPU
		{B2D439AD-9C68-46E8-A3B2-8C44334754AB}.Debug|Any CPU.Build.0 = Debug|Any CPU
		{B2D439AD-9C68-46E8-A3B2-8C44334754AB}.Release|Any CPU.ActiveCfg = Release|Any CPU
		{B2D439AD-9C68-46E8-A3B2-8C44334754AB}.Release|Any CPU.Build.0 = Release|Any CPU
		{7E6A3FF8-D336-452E-8366-74433C1A2253}.Debug|Any CPU.ActiveCfg = Debug|Any CPU
		{7E6A3FF8-D336-452E-8366-74433C1A2253}.Debug|Any CPU.Build.0 = Debug|Any CPU
		{7E6A3FF8-D336-452E-8366-74433C1A2253}.Release|Any CPU.ActiveCfg = Release|Any CPU
		{7E6A3FF8-D336-452E-8366-74433C1A2253}.Release|Any CPU.Build.0 = Release|Any CPU
		{E5911F87-F8D8-4382-85AC-4CE5EB35D6D1}.Debug|Any CPU.ActiveCfg = Debug|Any CPU
		{E5911F87-F8D8-4382-85AC-4CE5EB35D6D1}.Debug|Any CPU.Build.0 = Debug|Any CPU
		{E5911F87-F8D8-4382-85AC-4CE5EB35D6D1}.Release|Any CPU.ActiveCfg = Release|Any CPU
		{E5911F87-F8D8-4382-85AC-4CE5EB35D6D1}.Release|Any CPU.Build.0 = Release|Any CPU
		{39BC23E5-A66D-4444-89B9-8B242BBEFF4E}.Debug|Any CPU.ActiveCfg = Debug|Any CPU
		{39BC23E5-A66D-4444-89B9-8B242BBEFF4E}.Debug|Any CPU.Build.0 = Debug|Any CPU
		{39BC23E5-A66D-4444-89B9-8B242BBEFF4E}.Release|Any CPU.ActiveCfg = Release|Any CPU
		{39BC23E5-A66D-4444-89B9-8B242BBEFF4E}.Release|Any CPU.Build.0 = Release|Any CPU
		{54F82247-0855-4205-AD68-350E38969EFF}.Debug|Any CPU.ActiveCfg = Debug|Any CPU
		{54F82247-0855-4205-AD68-350E38969EFF}.Debug|Any CPU.Build.0 = Debug|Any CPU
		{54F82247-0855-4205-AD68-350E38969EFF}.Release|Any CPU.ActiveCfg = Release|Any CPU
		{54F82247-0855-4205-AD68-350E38969EFF}.Release|Any CPU.Build.0 = Release|Any CPU
		{ADC54C75-4DFF-47E6-BC6A-BC1C9CC73E14}.Debug|Any CPU.ActiveCfg = Debug|Any CPU
		{ADC54C75-4DFF-47E6-BC6A-BC1C9CC73E14}.Debug|Any CPU.Build.0 = Debug|Any CPU
		{ADC54C75-4DFF-47E6-BC6A-BC1C9CC73E14}.Release|Any CPU.ActiveCfg = Release|Any CPU
		{ADC54C75-4DFF-47E6-BC6A-BC1C9CC73E14}.Release|Any CPU.Build.0 = Release|Any CPU
		{DAFA776A-FB16-481F-9A33-C4A5C0D415D3}.Debug|Any CPU.ActiveCfg = Debug|Any CPU
		{DAFA776A-FB16-481F-9A33-C4A5C0D415D3}.Debug|Any CPU.Build.0 = Debug|Any CPU
		{DAFA776A-FB16-481F-9A33-C4A5C0D415D3}.Release|Any CPU.ActiveCfg = Release|Any CPU
		{DAFA776A-FB16-481F-9A33-C4A5C0D415D3}.Release|Any CPU.Build.0 = Release|Any CPU
		{946FCCDE-DE45-4DB5-836A-35BCAC383877}.Debug|Any CPU.ActiveCfg = Debug|Any CPU
		{946FCCDE-DE45-4DB5-836A-35BCAC383877}.Debug|Any CPU.Build.0 = Debug|Any CPU
		{946FCCDE-DE45-4DB5-836A-35BCAC383877}.Release|Any CPU.ActiveCfg = Release|Any CPU
		{946FCCDE-DE45-4DB5-836A-35BCAC383877}.Release|Any CPU.Build.0 = Release|Any CPU
		{63071AE0-F57C-4919-B81A-6C5C0E73C3DF}.Debug|Any CPU.ActiveCfg = Debug|Any CPU
		{63071AE0-F57C-4919-B81A-6C5C0E73C3DF}.Debug|Any CPU.Build.0 = Debug|Any CPU
		{63071AE0-F57C-4919-B81A-6C5C0E73C3DF}.Release|Any CPU.ActiveCfg = Release|Any CPU
		{63071AE0-F57C-4919-B81A-6C5C0E73C3DF}.Release|Any CPU.Build.0 = Release|Any CPU
		{1A53666C-145E-42BD-BA37-4B24C460AC9F}.Debug|Any CPU.ActiveCfg = Debug|Any CPU
		{1A53666C-145E-42BD-BA37-4B24C460AC9F}.Debug|Any CPU.Build.0 = Debug|Any CPU
		{1A53666C-145E-42BD-BA37-4B24C460AC9F}.Release|Any CPU.ActiveCfg = Release|Any CPU
		{1A53666C-145E-42BD-BA37-4B24C460AC9F}.Release|Any CPU.Build.0 = Release|Any CPU
		{2822C6EE-172D-4A31-8828-C25ED6D1B7B0}.Debug|Any CPU.ActiveCfg = Debug|Any CPU
		{2822C6EE-172D-4A31-8828-C25ED6D1B7B0}.Debug|Any CPU.Build.0 = Debug|Any CPU
		{2822C6EE-172D-4A31-8828-C25ED6D1B7B0}.Release|Any CPU.ActiveCfg = Release|Any CPU
		{2822C6EE-172D-4A31-8828-C25ED6D1B7B0}.Release|Any CPU.Build.0 = Release|Any CPU
		{0F128785-56C2-4D58-8F9D-2B22E0F99722}.Debug|Any CPU.ActiveCfg = Debug|Any CPU
		{0F128785-56C2-4D58-8F9D-2B22E0F99722}.Debug|Any CPU.Build.0 = Debug|Any CPU
		{0F128785-56C2-4D58-8F9D-2B22E0F99722}.Release|Any CPU.ActiveCfg = Release|Any CPU
		{0F128785-56C2-4D58-8F9D-2B22E0F99722}.Release|Any CPU.Build.0 = Release|Any CPU
		{BA63CF31-909C-4FEA-9B02-C2B5C8F7ACBF}.Debug|Any CPU.ActiveCfg = Debug|Any CPU
		{BA63CF31-909C-4FEA-9B02-C2B5C8F7ACBF}.Debug|Any CPU.Build.0 = Debug|Any CPU
		{BA63CF31-909C-4FEA-9B02-C2B5C8F7ACBF}.Release|Any CPU.ActiveCfg = Release|Any CPU
		{BA63CF31-909C-4FEA-9B02-C2B5C8F7ACBF}.Release|Any CPU.Build.0 = Release|Any CPU
		{9D8BD726-524C-4F4B-A003-1B8DAB7638BA}.Debug|Any CPU.ActiveCfg = Debug|Any CPU
		{9D8BD726-524C-4F4B-A003-1B8DAB7638BA}.Debug|Any CPU.Build.0 = Debug|Any CPU
		{9D8BD726-524C-4F4B-A003-1B8DAB7638BA}.Release|Any CPU.ActiveCfg = Release|Any CPU
		{9D8BD726-524C-4F4B-A003-1B8DAB7638BA}.Release|Any CPU.Build.0 = Release|Any CPU
		{25B34997-68B2-47E1-B315-1FDD790E6EE4}.Debug|Any CPU.ActiveCfg = Debug|Any CPU
		{25B34997-68B2-47E1-B315-1FDD790E6EE4}.Debug|Any CPU.Build.0 = Debug|Any CPU
		{25B34997-68B2-47E1-B315-1FDD790E6EE4}.Release|Any CPU.ActiveCfg = Release|Any CPU
		{25B34997-68B2-47E1-B315-1FDD790E6EE4}.Release|Any CPU.Build.0 = Release|Any CPU
		{BF411FE7-1E2E-46A0-AC06-11ACD5A32E87}.Debug|Any CPU.ActiveCfg = Debug|Any CPU
		{BF411FE7-1E2E-46A0-AC06-11ACD5A32E87}.Debug|Any CPU.Build.0 = Debug|Any CPU
		{BF411FE7-1E2E-46A0-AC06-11ACD5A32E87}.Release|Any CPU.ActiveCfg = Release|Any CPU
		{BF411FE7-1E2E-46A0-AC06-11ACD5A32E87}.Release|Any CPU.Build.0 = Release|Any CPU
		{62A03604-6E09-4B66-842E-541A3F6ADCB1}.Debug|Any CPU.ActiveCfg = Debug|Any CPU
		{62A03604-6E09-4B66-842E-541A3F6ADCB1}.Debug|Any CPU.Build.0 = Debug|Any CPU
		{62A03604-6E09-4B66-842E-541A3F6ADCB1}.Release|Any CPU.ActiveCfg = Release|Any CPU
		{62A03604-6E09-4B66-842E-541A3F6ADCB1}.Release|Any CPU.Build.0 = Release|Any CPU
	EndGlobalSection
EndGlobal
