
Microsoft Visual Studio Solution File, Format Version 12.00
# Visual Studio Version 17
VisualStudioVersion = 17.7.34221.43
MinimumVisualStudioVersion = 10.0.40219.1
Project("{FAE04EC0-301F-11D3-BF4B-00C04F79EFBC}") = "MazeGame", "MazeGame\MazeGame.csproj", "{94FFD75D-B521-4692-BC76-3BE492C00695}"
EndProject
Global
	GlobalSection(SolutionConfigurationPlatforms) = preSolution
		Debug|Any CPU = Debug|Any CPU
		Release|Any CPU = Release|Any CPU
	EndGlobalSection
	GlobalSection(ProjectConfigurationPlatforms) = postSolution
		{94FFD75D-B521-4692-BC76-3BE492C00695}.Debug|Any CPU.ActiveCfg = Debug|Any CPU
		{94FFD75D-B521-4692-BC76-3BE492C00695}.Debug|Any CPU.Build.0 = Debug|Any CPU
		{94FFD75D-B521-4692-BC76-3BE492C00695}.Release|Any CPU.ActiveCfg = Release|Any CPU
		{94FFD75D-B521-4692-BC76-3BE492C00695}.Release|Any CPU.Build.0 = Release|Any CPU
	EndGlobalSection
	GlobalSection(SolutionProperties) = preSolution
		HideSolutionNode = FALSE
	EndGlobalSection
	GlobalSection(ExtensibilityGlobals) = postSolution
		SolutionGuid = {869446F9-6675-4773-9816-6905297CE2F6}
	EndGlobalSection
EndGlobal
