
Microsoft Visual Studio Solution File, Format Version 12.00
# Visual Studio Version 17
VisualStudioVersion = 17.5.001.0
MinimumVisualStudioVersion = 10.0.40219.1
Project("{9A19103F-16F7-4668-BE54-9A1E7A4F7556}") = "J_ObjectInitialize", "J_ObjectInitialize.csproj", "{49208D82-EA91-485E-BE0E-79E8897667B8}"
EndProject
Global
	GlobalSection(SolutionConfigurationPlatforms) = preSolution
		Debug|Any CPU = Debug|Any CPU
		Release|Any CPU = Release|Any CPU
	EndGlobalSection
	GlobalSection(ProjectConfigurationPlatforms) = postSolution
		{49208D82-EA91-485E-BE0E-79E8897667B8}.Debug|Any CPU.ActiveCfg = Debug|Any CPU
		{49208D82-EA91-485E-BE0E-79E8897667B8}.Debug|Any CPU.Build.0 = Debug|Any CPU
		{49208D82-EA91-485E-BE0E-79E8897667B8}.Release|Any CPU.ActiveCfg = Release|Any CPU
		{49208D82-EA91-485E-BE0E-79E8897667B8}.Release|Any CPU.Build.0 = Release|Any CPU
	EndGlobalSection
	GlobalSection(SolutionProperties) = preSolution
		HideSolutionNode = FALSE
	EndGlobalSection
	GlobalSection(ExtensibilityGlobals) = postSolution
		SolutionGuid = {A9B19171-4623-4FC7-BF0C-DE113A066413}
	EndGlobalSection
EndGlobal
