
Microsoft Visual Studio Solution File, Format Version 12.00
# Visual Studio Version 17
VisualStudioVersion = 17.5.001.0
MinimumVisualStudioVersion = 10.0.40219.1
Project("{9A19103F-16F7-4668-BE54-9A1E7A4F7556}") = "VivService", "VivService.csproj", "{0A8358EC-F616-4F1B-840D-97F040BC107F}"
EndProject
Global
	GlobalSection(SolutionConfigurationPlatforms) = preSolution
		Debug|Any CPU = Debug|Any CPU
		Release|Any CPU = Release|Any CPU
	EndGlobalSection
	GlobalSection(ProjectConfigurationPlatforms) = postSolution
		{0A8358EC-F616-4F1B-840D-97F040BC107F}.Debug|Any CPU.ActiveCfg = Debug|Any CPU
		{0A8358EC-F616-4F1B-840D-97F040BC107F}.Debug|Any CPU.Build.0 = Debug|Any CPU
		{0A8358EC-F616-4F1B-840D-97F040BC107F}.Release|Any CPU.ActiveCfg = Release|Any CPU
		{0A8358EC-F616-4F1B-840D-97F040BC107F}.Release|Any CPU.Build.0 = Release|Any CPU
	EndGlobalSection
	GlobalSection(SolutionProperties) = preSolution
		HideSolutionNode = FALSE
	EndGlobalSection
	GlobalSection(ExtensibilityGlobals) = postSolution
		SolutionGuid = {1D858A2A-A35A-45B3-9DE2-09906220BE62}
	EndGlobalSection
EndGlobal
